
Microsoft Visual Studio Solution File, Format Version 12.00
# Visual Studio Version 16
VisualStudioVersion = 16.0.31624.102
MinimumVisualStudioVersion = 10.0.40219.1
Project("{FAE04EC0-301F-11D3-BF4B-00C04F79EFBC}") = "UserData", "UserData\UserData.csproj", "{2209F48F-ED40-4590-BB52-890B0C25D40A}"
EndProject
Project("{FAE04EC0-301F-11D3-BF4B-00C04F79EFBC}") = "UserAge", "UserAge\UserAge.csproj", "{3FDACE70-391D-4177-962B-2E55E2AF60DF}"
EndProject
Project("{FAE04EC0-301F-11D3-BF4B-00C04F79EFBC}") = "InstagramAgeCheck", "InstagramAgeCheck\InstagramAgeCheck.csproj", "{B2283D6E-B728-45F7-8149-8C1007D736FC}"
EndProject
Project("{FAE04EC0-301F-11D3-BF4B-00C04F79EFBC}") = "DrivingLicense", "DrivingLicense\DrivingLicense.csproj", "{01876D94-6BD8-41A5-B688-C62B1B788B63}"
EndProject
Global
	GlobalSection(SolutionConfigurationPlatforms) = preSolution
		Debug|Any CPU = Debug|Any CPU
		Release|Any CPU = Release|Any CPU
	EndGlobalSection
	GlobalSection(ProjectConfigurationPlatforms) = postSolution
		{2209F48F-ED40-4590-BB52-890B0C25D40A}.Debug|Any CPU.ActiveCfg = Debug|Any CPU
		{2209F48F-ED40-4590-BB52-890B0C25D40A}.Debug|Any CPU.Build.0 = Debug|Any CPU
		{2209F48F-ED40-4590-BB52-890B0C25D40A}.Release|Any CPU.ActiveCfg = Release|Any CPU
		{2209F48F-ED40-4590-BB52-890B0C25D40A}.Release|Any CPU.Build.0 = Release|Any CPU
		{3FDACE70-391D-4177-962B-2E55E2AF60DF}.Debug|Any CPU.ActiveCfg = Debug|Any CPU
		{3FDACE70-391D-4177-962B-2E55E2AF60DF}.Debug|Any CPU.Build.0 = Debug|Any CPU
		{3FDACE70-391D-4177-962B-2E55E2AF60DF}.Release|Any CPU.ActiveCfg = Release|Any CPU
		{3FDACE70-391D-4177-962B-2E55E2AF60DF}.Release|Any CPU.Build.0 = Release|Any CPU
		{B2283D6E-B728-45F7-8149-8C1007D736FC}.Debug|Any CPU.ActiveCfg = Debug|Any CPU
		{B2283D6E-B728-45F7-8149-8C1007D736FC}.Debug|Any CPU.Build.0 = Debug|Any CPU
		{B2283D6E-B728-45F7-8149-8C1007D736FC}.Release|Any CPU.ActiveCfg = Release|Any CPU
		{B2283D6E-B728-45F7-8149-8C1007D736FC}.Release|Any CPU.Build.0 = Release|Any CPU
		{01876D94-6BD8-41A5-B688-C62B1B788B63}.Debug|Any CPU.ActiveCfg = Debug|Any CPU
		{01876D94-6BD8-41A5-B688-C62B1B788B63}.Debug|Any CPU.Build.0 = Debug|Any CPU
		{01876D94-6BD8-41A5-B688-C62B1B788B63}.Release|Any CPU.ActiveCfg = Release|Any CPU
		{01876D94-6BD8-41A5-B688-C62B1B788B63}.Release|Any CPU.Build.0 = Release|Any CPU
	EndGlobalSection
	GlobalSection(SolutionProperties) = preSolution
		HideSolutionNode = FALSE
	EndGlobalSection
	GlobalSection(ExtensibilityGlobals) = postSolution
		SolutionGuid = {0E170018-01A0-4265-906D-B3EFF22FAB93}
	EndGlobalSection
EndGlobal
